
Microsoft Visual Studio Solution File, Format Version 12.00
# Visual Studio 15
VisualStudioVersion = 15.0.28307.271
MinimumVisualStudioVersion = 10.0.40219.1
Project("{FAE04EC0-301F-11D3-BF4B-00C04F79EFBC}") = "labOop2", "labOop2\labOop2.csproj", "{9CC10795-44F9-4136-B564-E06C9601A8F5}"
EndProject
Global
	GlobalSection(SolutionConfigurationPlatforms) = preSolution
		Debug|Any CPU = Debug|Any CPU
		Release|Any CPU = Release|Any CPU
	EndGlobalSection
	GlobalSection(ProjectConfigurationPlatforms) = postSolution
		{9CC10795-44F9-4136-B564-E06C9601A8F5}.Debug|Any CPU.ActiveCfg = Debug|Any CPU
		{9CC10795-44F9-4136-B564-E06C9601A8F5}.Debug|Any CPU.Build.0 = Debug|Any CPU
		{9CC10795-44F9-4136-B564-E06C9601A8F5}.Release|Any CPU.ActiveCfg = Release|Any CPU
		{9CC10795-44F9-4136-B564-E06C9601A8F5}.Release|Any CPU.Build.0 = Release|Any CPU
	EndGlobalSection
	GlobalSection(SolutionProperties) = preSolution
		HideSolutionNode = FALSE
	EndGlobalSection
	GlobalSection(ExtensibilityGlobals) = postSolution
		SolutionGuid = {A1533FE0-FE88-4B40-BA27-E7528ED27FB0}
	EndGlobalSection
EndGlobal
